
Microsoft Visual Studio Solution File, Format Version 12.00
# Visual Studio 2013
VisualStudioVersion = 12.0.31101.0
MinimumVisualStudioVersion = 10.0.40219.1
Project("{8BC9CEB8-8B4A-11D0-8D11-00A0C91BC942}") = "DriveCrypt", "DriveCrypt\DriveCrypt.vcxproj", "{A01E88B5-D25F-40FA-AF22-69D320294D67}"
	ProjectSection(ProjectDependencies) = postProject
		{068CF737-AD41-478B-819A-91E6EF9AA2C8} = {068CF737-AD41-478B-819A-91E6EF9AA2C8}
		{A452D4FB-913B-4C6A-B4D3-C13D1A7B6889} = {A452D4FB-913B-4C6A-B4D3-C13D1A7B6889}
	EndProjectSection
EndProject
Project("{8BC9CEB8-8B4A-11D0-8D11-00A0C91BC942}") = "Headers.Shared", "Shared\Shared.vcxproj", "{068CF737-AD41-478B-819A-91E6EF9AA2C8}"
EndProject
Project("{8BC9CEB8-8B4A-11D0-8D11-00A0C91BC942}") = "Static.Win32.DLLWrapper", "Static.Win32.DLLWrapper\Static.Win32.DLLWrapper.vcxproj", "{A452D4FB-913B-4C6A-B4D3-C13D1A7B6889}"
	ProjectSection(ProjectDependencies) = postProject
		{068CF737-AD41-478B-819A-91E6EF9AA2C8} = {068CF737-AD41-478B-819A-91E6EF9AA2C8}
		{741D9BFA-589A-4885-91E4-14F997B05A98} = {741D9BFA-589A-4885-91E4-14F997B05A98}
	EndProjectSection
EndProject
Project("{8BC9CEB8-8B4A-11D0-8D11-00A0C91BC942}") = "Static.String", "Static.String\Static.String.vcxproj", "{741D9BFA-589A-4885-91E4-14F997B05A98}"
EndProject
Project("{2150E333-8FDC-42A3-9474-1A3956D46DE8}") = "libs", "libs", "{31008B63-1FA2-446C-8DD0-7EC8824D8F74}"
EndProject
Project("{2150E333-8FDC-42A3-9474-1A3956D46DE8}") = "shared", "shared", "{AFF8C87A-9A09-426B-8979-D767BE814A03}"
EndProject
Project("{2150E333-8FDC-42A3-9474-1A3956D46DE8}") = "headers", "headers", "{0BE7B5EC-A1AB-4E2D-802E-0F2078BB117C}"
EndProject
Global
	GlobalSection(SolutionConfigurationPlatforms) = preSolution
		Debug|Win32 = Debug|Win32
		Release|Win32 = Release|Win32
	EndGlobalSection
	GlobalSection(ProjectConfigurationPlatforms) = postSolution
		{A01E88B5-D25F-40FA-AF22-69D320294D67}.Debug|Win32.ActiveCfg = Debug|Win32
		{A01E88B5-D25F-40FA-AF22-69D320294D67}.Debug|Win32.Build.0 = Debug|Win32
		{A01E88B5-D25F-40FA-AF22-69D320294D67}.Release|Win32.ActiveCfg = Release|Win32
		{A01E88B5-D25F-40FA-AF22-69D320294D67}.Release|Win32.Build.0 = Release|Win32
		{068CF737-AD41-478B-819A-91E6EF9AA2C8}.Debug|Win32.ActiveCfg = Debug|Win32
		{068CF737-AD41-478B-819A-91E6EF9AA2C8}.Debug|Win32.Build.0 = Debug|Win32
		{068CF737-AD41-478B-819A-91E6EF9AA2C8}.Release|Win32.ActiveCfg = Release|Win32
		{068CF737-AD41-478B-819A-91E6EF9AA2C8}.Release|Win32.Build.0 = Release|Win32
		{A452D4FB-913B-4C6A-B4D3-C13D1A7B6889}.Debug|Win32.ActiveCfg = Debug|Win32
		{A452D4FB-913B-4C6A-B4D3-C13D1A7B6889}.Debug|Win32.Build.0 = Debug|Win32
		{A452D4FB-913B-4C6A-B4D3-C13D1A7B6889}.Release|Win32.ActiveCfg = Release|Win32
		{A452D4FB-913B-4C6A-B4D3-C13D1A7B6889}.Release|Win32.Build.0 = Release|Win32
		{741D9BFA-589A-4885-91E4-14F997B05A98}.Debug|Win32.ActiveCfg = Debug|Win32
		{741D9BFA-589A-4885-91E4-14F997B05A98}.Debug|Win32.Build.0 = Debug|Win32
		{741D9BFA-589A-4885-91E4-14F997B05A98}.Release|Win32.ActiveCfg = Release|Win32
		{741D9BFA-589A-4885-91E4-14F997B05A98}.Release|Win32.Build.0 = Release|Win32
	EndGlobalSection
	GlobalSection(SolutionProperties) = preSolution
		HideSolutionNode = FALSE
	EndGlobalSection
	GlobalSection(NestedProjects) = preSolution
		{068CF737-AD41-478B-819A-91E6EF9AA2C8} = {0BE7B5EC-A1AB-4E2D-802E-0F2078BB117C}
		{A452D4FB-913B-4C6A-B4D3-C13D1A7B6889} = {31008B63-1FA2-446C-8DD0-7EC8824D8F74}
		{741D9BFA-589A-4885-91E4-14F997B05A98} = {31008B63-1FA2-446C-8DD0-7EC8824D8F74}
		{31008B63-1FA2-446C-8DD0-7EC8824D8F74} = {AFF8C87A-9A09-426B-8979-D767BE814A03}
		{0BE7B5EC-A1AB-4E2D-802E-0F2078BB117C} = {AFF8C87A-9A09-426B-8979-D767BE814A03}
	EndGlobalSection
EndGlobal
