
Microsoft Visual Studio Solution File, Format Version 12.00
# Visual Studio 14
VisualStudioVersion = 14.0.23107.0
MinimumVisualStudioVersion = 10.0.40219.1
Project("{8BC9CEB8-8B4A-11D0-8D11-00A0C91BC942}") = "DriveCrypt", "DriveCrypt\DriveCrypt.vcxproj", "{A01E88B5-D25F-40FA-AF22-69D320294D67}"
	ProjectSection(ProjectDependencies) = postProject
		{BE577B02-282A-4F7E-9C63-FDF268ED3ED1} = {BE577B02-282A-4F7E-9C63-FDF268ED3ED1}
		{27F0711E-A182-44E1-B4FD-0907365C6EEF} = {27F0711E-A182-44E1-B4FD-0907365C6EEF}
		{C0447343-5601-4B74-AA1C-B779AFB732C0} = {C0447343-5601-4B74-AA1C-B779AFB732C0}
		{1F3FDB47-847A-4CC1-8D7D-3EA3579695B9} = {1F3FDB47-847A-4CC1-8D7D-3EA3579695B9}
		{66B3864C-1629-4CE0-B778-F994796370AB} = {66B3864C-1629-4CE0-B778-F994796370AB}
		{0FBA4550-7A52-423E-B0A0-F6E59A57B1EF} = {0FBA4550-7A52-423E-B0A0-F6E59A57B1EF}
		{B72AC6D5-AFBE-41EF-AC15-16619E537738} = {B72AC6D5-AFBE-41EF-AC15-16619E537738}
		{AB4745DA-A0F3-47DC-B8BF-D177CA2BBCE3} = {AB4745DA-A0F3-47DC-B8BF-D177CA2BBCE3}
		{0868D0DD-899A-4848-99CA-02B3076977C2} = {0868D0DD-899A-4848-99CA-02B3076977C2}
		{44BD47F1-0159-4018-8CBC-DB8BFCE7F81A} = {44BD47F1-0159-4018-8CBC-DB8BFCE7F81A}
	EndProjectSection
EndProject
Project("{2150E333-8FDC-42A3-9474-1A3956D46DE8}") = "Exp", "Exp", "{A39E9316-EEC7-4D09-9028-2A0F8E7CF971}"
EndProject
Project("{8BC9CEB8-8B4A-11D0-8D11-00A0C91BC942}") = "Experimental", "Experimental\Experimental.vcxproj", "{1F3FDB47-847A-4CC1-8D7D-3EA3579695B9}"
EndProject
Project("{8BC9CEB8-8B4A-11D0-8D11-00A0C91BC942}") = "MemoryModel", "MemoryModel\MemoryModel.vcxproj", "{B72AC6D5-AFBE-41EF-AC15-16619E537738}"
EndProject
Project("{8BC9CEB8-8B4A-11D0-8D11-00A0C91BC942}") = "Concurrency", "Concurrency\Concurrency.vcxproj", "{C0447343-5601-4B74-AA1C-B779AFB732C0}"
	ProjectSection(ProjectDependencies) = postProject
		{66B3864C-1629-4CE0-B778-F994796370AB} = {66B3864C-1629-4CE0-B778-F994796370AB}
	EndProjectSection
EndProject
Project("{8BC9CEB8-8B4A-11D0-8D11-00A0C91BC942}") = "Utility", "Utility\Utility.vcxproj", "{66B3864C-1629-4CE0-B778-F994796370AB}"
EndProject
Project("{8BC9CEB8-8B4A-11D0-8D11-00A0C91BC942}") = "Cryptography", "Cryptography\Cryptography.vcxproj", "{27F0711E-A182-44E1-B4FD-0907365C6EEF}"
EndProject
Project("{8BC9CEB8-8B4A-11D0-8D11-00A0C91BC942}") = "System", "System\System.vcxproj", "{AB4745DA-A0F3-47DC-B8BF-D177CA2BBCE3}"
	ProjectSection(ProjectDependencies) = postProject
		{BE577B02-282A-4F7E-9C63-FDF268ED3ED1} = {BE577B02-282A-4F7E-9C63-FDF268ED3ED1}
		{C0447343-5601-4B74-AA1C-B779AFB732C0} = {C0447343-5601-4B74-AA1C-B779AFB732C0}
		{66B3864C-1629-4CE0-B778-F994796370AB} = {66B3864C-1629-4CE0-B778-F994796370AB}
	EndProjectSection
EndProject
Project("{2150E333-8FDC-42A3-9474-1A3956D46DE8}") = "Win32Framework", "Win32Framework", "{9548A16E-2A81-4438-968A-6049DFACECFA}"
EndProject
Project("{8BC9CEB8-8B4A-11D0-8D11-00A0C91BC942}") = "Diagnostics", "Diagnostics\Diagnostics.vcxproj", "{44BD47F1-0159-4018-8CBC-DB8BFCE7F81A}"
EndProject
Project("{8BC9CEB8-8B4A-11D0-8D11-00A0C91BC942}") = "ComponentModel", "ComponentModel\ComponentModel.vcxproj", "{BE577B02-282A-4F7E-9C63-FDF268ED3ED1}"
EndProject
Project("{8BC9CEB8-8B4A-11D0-8D11-00A0C91BC942}") = "Init", "Init\Init.vcxproj", "{0FBA4550-7A52-423E-B0A0-F6E59A57B1EF}"
	ProjectSection(ProjectDependencies) = postProject
		{BE577B02-282A-4F7E-9C63-FDF268ED3ED1} = {BE577B02-282A-4F7E-9C63-FDF268ED3ED1}
		{27F0711E-A182-44E1-B4FD-0907365C6EEF} = {27F0711E-A182-44E1-B4FD-0907365C6EEF}
		{C0447343-5601-4B74-AA1C-B779AFB732C0} = {C0447343-5601-4B74-AA1C-B779AFB732C0}
		{1F3FDB47-847A-4CC1-8D7D-3EA3579695B9} = {1F3FDB47-847A-4CC1-8D7D-3EA3579695B9}
		{66B3864C-1629-4CE0-B778-F994796370AB} = {66B3864C-1629-4CE0-B778-F994796370AB}
		{B72AC6D5-AFBE-41EF-AC15-16619E537738} = {B72AC6D5-AFBE-41EF-AC15-16619E537738}
		{AB4745DA-A0F3-47DC-B8BF-D177CA2BBCE3} = {AB4745DA-A0F3-47DC-B8BF-D177CA2BBCE3}
		{0868D0DD-899A-4848-99CA-02B3076977C2} = {0868D0DD-899A-4848-99CA-02B3076977C2}
		{44BD47F1-0159-4018-8CBC-DB8BFCE7F81A} = {44BD47F1-0159-4018-8CBC-DB8BFCE7F81A}
	EndProjectSection
EndProject
Project("{8BC9CEB8-8B4A-11D0-8D11-00A0C91BC942}") = "Win32GUI", "Win32GUI\Win32GUI.vcxproj", "{0868D0DD-899A-4848-99CA-02B3076977C2}"
	ProjectSection(ProjectDependencies) = postProject
		{BE577B02-282A-4F7E-9C63-FDF268ED3ED1} = {BE577B02-282A-4F7E-9C63-FDF268ED3ED1}
	EndProjectSection
EndProject
Global
	GlobalSection(SolutionConfigurationPlatforms) = preSolution
		Debug|Win32 = Debug|Win32
		Debug|x64 = Debug|x64
		Release|Win32 = Release|Win32
		Release|x64 = Release|x64
	EndGlobalSection
	GlobalSection(ProjectConfigurationPlatforms) = postSolution
		{A01E88B5-D25F-40FA-AF22-69D320294D67}.Debug|Win32.ActiveCfg = Debug|Win32
		{A01E88B5-D25F-40FA-AF22-69D320294D67}.Debug|Win32.Build.0 = Debug|Win32
		{A01E88B5-D25F-40FA-AF22-69D320294D67}.Debug|x64.ActiveCfg = Debug|Win32
		{A01E88B5-D25F-40FA-AF22-69D320294D67}.Release|Win32.ActiveCfg = Release|Win32
		{A01E88B5-D25F-40FA-AF22-69D320294D67}.Release|Win32.Build.0 = Release|Win32
		{A01E88B5-D25F-40FA-AF22-69D320294D67}.Release|x64.ActiveCfg = Release|Win32
		{1F3FDB47-847A-4CC1-8D7D-3EA3579695B9}.Debug|Win32.ActiveCfg = Debug|Win32
		{1F3FDB47-847A-4CC1-8D7D-3EA3579695B9}.Debug|Win32.Build.0 = Debug|Win32
		{1F3FDB47-847A-4CC1-8D7D-3EA3579695B9}.Debug|x64.ActiveCfg = Debug|Win32
		{1F3FDB47-847A-4CC1-8D7D-3EA3579695B9}.Release|Win32.ActiveCfg = Release|Win32
		{1F3FDB47-847A-4CC1-8D7D-3EA3579695B9}.Release|Win32.Build.0 = Release|Win32
		{1F3FDB47-847A-4CC1-8D7D-3EA3579695B9}.Release|x64.ActiveCfg = Release|Win32
		{B72AC6D5-AFBE-41EF-AC15-16619E537738}.Debug|Win32.ActiveCfg = Debug|Win32
		{B72AC6D5-AFBE-41EF-AC15-16619E537738}.Debug|Win32.Build.0 = Debug|Win32
		{B72AC6D5-AFBE-41EF-AC15-16619E537738}.Debug|x64.ActiveCfg = Debug|x64
		{B72AC6D5-AFBE-41EF-AC15-16619E537738}.Debug|x64.Build.0 = Debug|x64
		{B72AC6D5-AFBE-41EF-AC15-16619E537738}.Release|Win32.ActiveCfg = Release|Win32
		{B72AC6D5-AFBE-41EF-AC15-16619E537738}.Release|Win32.Build.0 = Release|Win32
		{B72AC6D5-AFBE-41EF-AC15-16619E537738}.Release|x64.ActiveCfg = Release|x64
		{B72AC6D5-AFBE-41EF-AC15-16619E537738}.Release|x64.Build.0 = Release|x64
		{C0447343-5601-4B74-AA1C-B779AFB732C0}.Debug|Win32.ActiveCfg = Debug|Win32
		{C0447343-5601-4B74-AA1C-B779AFB732C0}.Debug|Win32.Build.0 = Debug|Win32
		{C0447343-5601-4B74-AA1C-B779AFB732C0}.Debug|x64.ActiveCfg = Debug|x64
		{C0447343-5601-4B74-AA1C-B779AFB732C0}.Debug|x64.Build.0 = Debug|x64
		{C0447343-5601-4B74-AA1C-B779AFB732C0}.Release|Win32.ActiveCfg = Release|Win32
		{C0447343-5601-4B74-AA1C-B779AFB732C0}.Release|Win32.Build.0 = Release|Win32
		{C0447343-5601-4B74-AA1C-B779AFB732C0}.Release|x64.ActiveCfg = Release|x64
		{C0447343-5601-4B74-AA1C-B779AFB732C0}.Release|x64.Build.0 = Release|x64
		{66B3864C-1629-4CE0-B778-F994796370AB}.Debug|Win32.ActiveCfg = Debug|Win32
		{66B3864C-1629-4CE0-B778-F994796370AB}.Debug|Win32.Build.0 = Debug|Win32
		{66B3864C-1629-4CE0-B778-F994796370AB}.Debug|x64.ActiveCfg = Debug|x64
		{66B3864C-1629-4CE0-B778-F994796370AB}.Debug|x64.Build.0 = Debug|x64
		{66B3864C-1629-4CE0-B778-F994796370AB}.Release|Win32.ActiveCfg = Release|Win32
		{66B3864C-1629-4CE0-B778-F994796370AB}.Release|Win32.Build.0 = Release|Win32
		{66B3864C-1629-4CE0-B778-F994796370AB}.Release|x64.ActiveCfg = Release|x64
		{66B3864C-1629-4CE0-B778-F994796370AB}.Release|x64.Build.0 = Release|x64
		{27F0711E-A182-44E1-B4FD-0907365C6EEF}.Debug|Win32.ActiveCfg = Debug|Win32
		{27F0711E-A182-44E1-B4FD-0907365C6EEF}.Debug|Win32.Build.0 = Debug|Win32
		{27F0711E-A182-44E1-B4FD-0907365C6EEF}.Debug|x64.ActiveCfg = Debug|x64
		{27F0711E-A182-44E1-B4FD-0907365C6EEF}.Debug|x64.Build.0 = Debug|x64
		{27F0711E-A182-44E1-B4FD-0907365C6EEF}.Release|Win32.ActiveCfg = Release|Win32
		{27F0711E-A182-44E1-B4FD-0907365C6EEF}.Release|Win32.Build.0 = Release|Win32
		{27F0711E-A182-44E1-B4FD-0907365C6EEF}.Release|x64.ActiveCfg = Release|x64
		{27F0711E-A182-44E1-B4FD-0907365C6EEF}.Release|x64.Build.0 = Release|x64
		{AB4745DA-A0F3-47DC-B8BF-D177CA2BBCE3}.Debug|Win32.ActiveCfg = Debug|Win32
		{AB4745DA-A0F3-47DC-B8BF-D177CA2BBCE3}.Debug|Win32.Build.0 = Debug|Win32
		{AB4745DA-A0F3-47DC-B8BF-D177CA2BBCE3}.Debug|x64.ActiveCfg = Debug|x64
		{AB4745DA-A0F3-47DC-B8BF-D177CA2BBCE3}.Debug|x64.Build.0 = Debug|x64
		{AB4745DA-A0F3-47DC-B8BF-D177CA2BBCE3}.Release|Win32.ActiveCfg = Release|Win32
		{AB4745DA-A0F3-47DC-B8BF-D177CA2BBCE3}.Release|Win32.Build.0 = Release|Win32
		{AB4745DA-A0F3-47DC-B8BF-D177CA2BBCE3}.Release|x64.ActiveCfg = Release|x64
		{AB4745DA-A0F3-47DC-B8BF-D177CA2BBCE3}.Release|x64.Build.0 = Release|x64
		{44BD47F1-0159-4018-8CBC-DB8BFCE7F81A}.Debug|Win32.ActiveCfg = Debug|Win32
		{44BD47F1-0159-4018-8CBC-DB8BFCE7F81A}.Debug|Win32.Build.0 = Debug|Win32
		{44BD47F1-0159-4018-8CBC-DB8BFCE7F81A}.Debug|x64.ActiveCfg = Debug|x64
		{44BD47F1-0159-4018-8CBC-DB8BFCE7F81A}.Debug|x64.Build.0 = Debug|x64
		{44BD47F1-0159-4018-8CBC-DB8BFCE7F81A}.Release|Win32.ActiveCfg = Release|Win32
		{44BD47F1-0159-4018-8CBC-DB8BFCE7F81A}.Release|Win32.Build.0 = Release|Win32
		{44BD47F1-0159-4018-8CBC-DB8BFCE7F81A}.Release|x64.ActiveCfg = Release|x64
		{44BD47F1-0159-4018-8CBC-DB8BFCE7F81A}.Release|x64.Build.0 = Release|x64
		{BE577B02-282A-4F7E-9C63-FDF268ED3ED1}.Debug|Win32.ActiveCfg = Debug|Win32
		{BE577B02-282A-4F7E-9C63-FDF268ED3ED1}.Debug|Win32.Build.0 = Debug|Win32
		{BE577B02-282A-4F7E-9C63-FDF268ED3ED1}.Debug|x64.ActiveCfg = Debug|x64
		{BE577B02-282A-4F7E-9C63-FDF268ED3ED1}.Debug|x64.Build.0 = Debug|x64
		{BE577B02-282A-4F7E-9C63-FDF268ED3ED1}.Release|Win32.ActiveCfg = Release|Win32
		{BE577B02-282A-4F7E-9C63-FDF268ED3ED1}.Release|Win32.Build.0 = Release|Win32
		{BE577B02-282A-4F7E-9C63-FDF268ED3ED1}.Release|x64.ActiveCfg = Release|x64
		{BE577B02-282A-4F7E-9C63-FDF268ED3ED1}.Release|x64.Build.0 = Release|x64
		{0FBA4550-7A52-423E-B0A0-F6E59A57B1EF}.Debug|Win32.ActiveCfg = Debug|Win32
		{0FBA4550-7A52-423E-B0A0-F6E59A57B1EF}.Debug|Win32.Build.0 = Debug|Win32
		{0FBA4550-7A52-423E-B0A0-F6E59A57B1EF}.Debug|x64.ActiveCfg = Debug|x64
		{0FBA4550-7A52-423E-B0A0-F6E59A57B1EF}.Debug|x64.Build.0 = Debug|x64
		{0FBA4550-7A52-423E-B0A0-F6E59A57B1EF}.Release|Win32.ActiveCfg = Release|Win32
		{0FBA4550-7A52-423E-B0A0-F6E59A57B1EF}.Release|Win32.Build.0 = Release|Win32
		{0FBA4550-7A52-423E-B0A0-F6E59A57B1EF}.Release|x64.ActiveCfg = Release|x64
		{0FBA4550-7A52-423E-B0A0-F6E59A57B1EF}.Release|x64.Build.0 = Release|x64
		{0868D0DD-899A-4848-99CA-02B3076977C2}.Debug|Win32.ActiveCfg = Debug|Win32
		{0868D0DD-899A-4848-99CA-02B3076977C2}.Debug|Win32.Build.0 = Debug|Win32
		{0868D0DD-899A-4848-99CA-02B3076977C2}.Debug|x64.ActiveCfg = Debug|Win32
		{0868D0DD-899A-4848-99CA-02B3076977C2}.Release|Win32.ActiveCfg = Release|Win32
		{0868D0DD-899A-4848-99CA-02B3076977C2}.Release|Win32.Build.0 = Release|Win32
		{0868D0DD-899A-4848-99CA-02B3076977C2}.Release|x64.ActiveCfg = Release|Win32
	EndGlobalSection
	GlobalSection(SolutionProperties) = preSolution
		HideSolutionNode = FALSE
	EndGlobalSection
	GlobalSection(NestedProjects) = preSolution
		{1F3FDB47-847A-4CC1-8D7D-3EA3579695B9} = {A39E9316-EEC7-4D09-9028-2A0F8E7CF971}
		{B72AC6D5-AFBE-41EF-AC15-16619E537738} = {9548A16E-2A81-4438-968A-6049DFACECFA}
		{C0447343-5601-4B74-AA1C-B779AFB732C0} = {9548A16E-2A81-4438-968A-6049DFACECFA}
		{66B3864C-1629-4CE0-B778-F994796370AB} = {9548A16E-2A81-4438-968A-6049DFACECFA}
		{27F0711E-A182-44E1-B4FD-0907365C6EEF} = {9548A16E-2A81-4438-968A-6049DFACECFA}
		{AB4745DA-A0F3-47DC-B8BF-D177CA2BBCE3} = {9548A16E-2A81-4438-968A-6049DFACECFA}
		{44BD47F1-0159-4018-8CBC-DB8BFCE7F81A} = {9548A16E-2A81-4438-968A-6049DFACECFA}
		{BE577B02-282A-4F7E-9C63-FDF268ED3ED1} = {9548A16E-2A81-4438-968A-6049DFACECFA}
		{0FBA4550-7A52-423E-B0A0-F6E59A57B1EF} = {9548A16E-2A81-4438-968A-6049DFACECFA}
		{0868D0DD-899A-4848-99CA-02B3076977C2} = {9548A16E-2A81-4438-968A-6049DFACECFA}
	EndGlobalSection
EndGlobal
